
Microsoft Visual Studio Solution File, Format Version 12.00
# Visual Studio Version 17
VisualStudioVersion = 17.14.36414.22
MinimumVisualStudioVersion = 10.0.40219.1
Project("{FAE04EC0-301F-11D3-BF4B-00C04F79EFBC}") = "Ex1", "Ex1\Ex1.csproj", "{CF1B3368-8725-46B9-B2D7-DD6745DC9DAD}"
EndProject
Project("{FAE04EC0-301F-11D3-BF4B-00C04F79EFBC}") = "Ex2", "Ex2\Ex2.csproj", "{A6A5E88F-5C44-4C26-9B48-67B2B7247203}"
EndProject
Project("{FAE04EC0-301F-11D3-BF4B-00C04F79EFBC}") = "Ex3", "Ex3\Ex3.csproj", "{1EF2C981-55E6-4A09-92B8-145A58164CE4}"
EndProject
Project("{FAE04EC0-301F-11D3-BF4B-00C04F79EFBC}") = "Ex4", "Ex4\Ex4.csproj", "{92C7F9D2-E3B2-47E4-8E10-E4002F408AFF}"
EndProject
Project("{FAE04EC0-301F-11D3-BF4B-00C04F79EFBC}") = "Ex5", "Ex5\Ex5.csproj", "{7110042B-6AE2-45F7-BE80-2A67EE998505}"
EndProject
Project("{FAE04EC0-301F-11D3-BF4B-00C04F79EFBC}") = "Ex6", "Ex6\Ex6.csproj", "{474AFE47-6722-46D6-B9B0-BE064250773D}"
EndProject
Project("{FAE04EC0-301F-11D3-BF4B-00C04F79EFBC}") = "Ex7", "Ex7\Ex7.csproj", "{8012FB23-9FAB-4833-9491-BE4DE6360C07}"
EndProject
Project("{FAE04EC0-301F-11D3-BF4B-00C04F79EFBC}") = "Ex8", "Ex8\Ex8.csproj", "{7C4D82F7-BEC1-4870-99C0-54685FD43D71}"
EndProject
Project("{FAE04EC0-301F-11D3-BF4B-00C04F79EFBC}") = "Ex9", "Ex9\Ex9.csproj", "{A5613701-2AEB-4769-99FA-E7894EB641F3}"
EndProject
Project("{FAE04EC0-301F-11D3-BF4B-00C04F79EFBC}") = "Ex10", "Ex10\Ex10.csproj", "{43C87E97-258D-4808-A24F-4A4FBEF5115A}"
EndProject
Project("{FAE04EC0-301F-11D3-BF4B-00C04F79EFBC}") = "Ex11", "Ex11\Ex11.csproj", "{99385390-E665-4A77-896D-595A75361CA9}"
EndProject
Project("{FAE04EC0-301F-11D3-BF4B-00C04F79EFBC}") = "Ex12", "Ex12\Ex12.csproj", "{860AD5D4-7D3E-4FC6-9A47-3174991D5695}"
EndProject
Project("{FAE04EC0-301F-11D3-BF4B-00C04F79EFBC}") = "Ex13", "Ex13\Ex13.csproj", "{F5550F32-D759-4A34-B58B-3C84BC762F83}"
EndProject
Project("{FAE04EC0-301F-11D3-BF4B-00C04F79EFBC}") = "Ex14", "Ex14\Ex14.csproj", "{BACC263A-7F1F-45CF-8C0F-E429B606B5C2}"
EndProject
Project("{FAE04EC0-301F-11D3-BF4B-00C04F79EFBC}") = "Ex15", "Ex15\Ex15.csproj", "{13CC018B-B038-412E-BC5B-6ED91B057577}"
EndProject
Project("{FAE04EC0-301F-11D3-BF4B-00C04F79EFBC}") = "Ex16", "Ex16\Ex16.csproj", "{88575038-E49A-45A6-BDC3-282619D4630F}"
EndProject
Project("{FAE04EC0-301F-11D3-BF4B-00C04F79EFBC}") = "Ex17", "Ex17\Ex17.csproj", "{AF6D5402-A21F-4A9D-8A4A-1C5F06437102}"
EndProject
Project("{FAE04EC0-301F-11D3-BF4B-00C04F79EFBC}") = "Ex18", "Ex18\Ex18.csproj", "{48807FD3-B475-48D4-AE06-6D27BB513042}"
EndProject
Project("{FAE04EC0-301F-11D3-BF4B-00C04F79EFBC}") = "Ex19", "Ex19\Ex19.csproj", "{5671BF76-5B12-4CBC-8487-D15AE32982AF}"
EndProject
Global
	GlobalSection(SolutionConfigurationPlatforms) = preSolution
		Debug|Any CPU = Debug|Any CPU
		Release|Any CPU = Release|Any CPU
	EndGlobalSection
	GlobalSection(ProjectConfigurationPlatforms) = postSolution
		{CF1B3368-8725-46B9-B2D7-DD6745DC9DAD}.Debug|Any CPU.ActiveCfg = Debug|Any CPU
		{CF1B3368-8725-46B9-B2D7-DD6745DC9DAD}.Debug|Any CPU.Build.0 = Debug|Any CPU
		{CF1B3368-8725-46B9-B2D7-DD6745DC9DAD}.Release|Any CPU.ActiveCfg = Release|Any CPU
		{CF1B3368-8725-46B9-B2D7-DD6745DC9DAD}.Release|Any CPU.Build.0 = Release|Any CPU
		{A6A5E88F-5C44-4C26-9B48-67B2B7247203}.Debug|Any CPU.ActiveCfg = Debug|Any CPU
		{A6A5E88F-5C44-4C26-9B48-67B2B7247203}.Debug|Any CPU.Build.0 = Debug|Any CPU
		{A6A5E88F-5C44-4C26-9B48-67B2B7247203}.Release|Any CPU.ActiveCfg = Release|Any CPU
		{A6A5E88F-5C44-4C26-9B48-67B2B7247203}.Release|Any CPU.Build.0 = Release|Any CPU
		{1EF2C981-55E6-4A09-92B8-145A58164CE4}.Debug|Any CPU.ActiveCfg = Debug|Any CPU
		{1EF2C981-55E6-4A09-92B8-145A58164CE4}.Debug|Any CPU.Build.0 = Debug|Any CPU
		{1EF2C981-55E6-4A09-92B8-145A58164CE4}.Release|Any CPU.ActiveCfg = Release|Any CPU
		{1EF2C981-55E6-4A09-92B8-145A58164CE4}.Release|Any CPU.Build.0 = Release|Any CPU
		{92C7F9D2-E3B2-47E4-8E10-E4002F408AFF}.Debug|Any CPU.ActiveCfg = Debug|Any CPU
		{92C7F9D2-E3B2-47E4-8E10-E4002F408AFF}.Debug|Any CPU.Build.0 = Debug|Any CPU
		{92C7F9D2-E3B2-47E4-8E10-E4002F408AFF}.Release|Any CPU.ActiveCfg = Release|Any CPU
		{92C7F9D2-E3B2-47E4-8E10-E4002F408AFF}.Release|Any CPU.Build.0 = Release|Any CPU
		{7110042B-6AE2-45F7-BE80-2A67EE998505}.Debug|Any CPU.ActiveCfg = Debug|Any CPU
		{7110042B-6AE2-45F7-BE80-2A67EE998505}.Debug|Any CPU.Build.0 = Debug|Any CPU
		{7110042B-6AE2-45F7-BE80-2A67EE998505}.Release|Any CPU.ActiveCfg = Release|Any CPU
		{7110042B-6AE2-45F7-BE80-2A67EE998505}.Release|Any CPU.Build.0 = Release|Any CPU
		{474AFE47-6722-46D6-B9B0-BE064250773D}.Debug|Any CPU.ActiveCfg = Debug|Any CPU
		{474AFE47-6722-46D6-B9B0-BE064250773D}.Debug|Any CPU.Build.0 = Debug|Any CPU
		{474AFE47-6722-46D6-B9B0-BE064250773D}.Release|Any CPU.ActiveCfg = Release|Any CPU
		{474AFE47-6722-46D6-B9B0-BE064250773D}.Release|Any CPU.Build.0 = Release|Any CPU
		{8012FB23-9FAB-4833-9491-BE4DE6360C07}.Debug|Any CPU.ActiveCfg = Debug|Any CPU
		{8012FB23-9FAB-4833-9491-BE4DE6360C07}.Debug|Any CPU.Build.0 = Debug|Any CPU
		{8012FB23-9FAB-4833-9491-BE4DE6360C07}.Release|Any CPU.ActiveCfg = Release|Any CPU
		{8012FB23-9FAB-4833-9491-BE4DE6360C07}.Release|Any CPU.Build.0 = Release|Any CPU
		{7C4D82F7-BEC1-4870-99C0-54685FD43D71}.Debug|Any CPU.ActiveCfg = Debug|Any CPU
		{7C4D82F7-BEC1-4870-99C0-54685FD43D71}.Debug|Any CPU.Build.0 = Debug|Any CPU
		{7C4D82F7-BEC1-4870-99C0-54685FD43D71}.Release|Any CPU.ActiveCfg = Release|Any CPU
		{7C4D82F7-BEC1-4870-99C0-54685FD43D71}.Release|Any CPU.Build.0 = Release|Any CPU
		{A5613701-2AEB-4769-99FA-E7894EB641F3}.Debug|Any CPU.ActiveCfg = Debug|Any CPU
		{A5613701-2AEB-4769-99FA-E7894EB641F3}.Debug|Any CPU.Build.0 = Debug|Any CPU
		{A5613701-2AEB-4769-99FA-E7894EB641F3}.Release|Any CPU.ActiveCfg = Release|Any CPU
		{A5613701-2AEB-4769-99FA-E7894EB641F3}.Release|Any CPU.Build.0 = Release|Any CPU
		{43C87E97-258D-4808-A24F-4A4FBEF5115A}.Debug|Any CPU.ActiveCfg = Debug|Any CPU
		{43C87E97-258D-4808-A24F-4A4FBEF5115A}.Debug|Any CPU.Build.0 = Debug|Any CPU
		{43C87E97-258D-4808-A24F-4A4FBEF5115A}.Release|Any CPU.ActiveCfg = Release|Any CPU
		{43C87E97-258D-4808-A24F-4A4FBEF5115A}.Release|Any CPU.Build.0 = Release|Any CPU
		{99385390-E665-4A77-896D-595A75361CA9}.Debug|Any CPU.ActiveCfg = Debug|Any CPU
		{99385390-E665-4A77-896D-595A75361CA9}.Debug|Any CPU.Build.0 = Debug|Any CPU
		{99385390-E665-4A77-896D-595A75361CA9}.Release|Any CPU.ActiveCfg = Release|Any CPU
		{99385390-E665-4A77-896D-595A75361CA9}.Release|Any CPU.Build.0 = Release|Any CPU
		{860AD5D4-7D3E-4FC6-9A47-3174991D5695}.Debug|Any CPU.ActiveCfg = Debug|Any CPU
		{860AD5D4-7D3E-4FC6-9A47-3174991D5695}.Debug|Any CPU.Build.0 = Debug|Any CPU
		{860AD5D4-7D3E-4FC6-9A47-3174991D5695}.Release|Any CPU.ActiveCfg = Release|Any CPU
		{860AD5D4-7D3E-4FC6-9A47-3174991D5695}.Release|Any CPU.Build.0 = Release|Any CPU
		{F5550F32-D759-4A34-B58B-3C84BC762F83}.Debug|Any CPU.ActiveCfg = Debug|Any CPU
		{F5550F32-D759-4A34-B58B-3C84BC762F83}.Debug|Any CPU.Build.0 = Debug|Any CPU
		{F5550F32-D759-4A34-B58B-3C84BC762F83}.Release|Any CPU.ActiveCfg = Release|Any CPU
		{F5550F32-D759-4A34-B58B-3C84BC762F83}.Release|Any CPU.Build.0 = Release|Any CPU
		{BACC263A-7F1F-45CF-8C0F-E429B606B5C2}.Debug|Any CPU.ActiveCfg = Debug|Any CPU
		{BACC263A-7F1F-45CF-8C0F-E429B606B5C2}.Debug|Any CPU.Build.0 = Debug|Any CPU
		{BACC263A-7F1F-45CF-8C0F-E429B606B5C2}.Release|Any CPU.ActiveCfg = Release|Any CPU
		{BACC263A-7F1F-45CF-8C0F-E429B606B5C2}.Release|Any CPU.Build.0 = Release|Any CPU
		{13CC018B-B038-412E-BC5B-6ED91B057577}.Debug|Any CPU.ActiveCfg = Debug|Any CPU
		{13CC018B-B038-412E-BC5B-6ED91B057577}.Debug|Any CPU.Build.0 = Debug|Any CPU
		{13CC018B-B038-412E-BC5B-6ED91B057577}.Release|Any CPU.ActiveCfg = Release|Any CPU
		{13CC018B-B038-412E-BC5B-6ED91B057577}.Release|Any CPU.Build.0 = Release|Any CPU
		{88575038-E49A-45A6-BDC3-282619D4630F}.Debug|Any CPU.ActiveCfg = Debug|Any CPU
		{88575038-E49A-45A6-BDC3-282619D4630F}.Debug|Any CPU.Build.0 = Debug|Any CPU
		{88575038-E49A-45A6-BDC3-282619D4630F}.Release|Any CPU.ActiveCfg = Release|Any CPU
		{88575038-E49A-45A6-BDC3-282619D4630F}.Release|Any CPU.Build.0 = Release|Any CPU
		{AF6D5402-A21F-4A9D-8A4A-1C5F06437102}.Debug|Any CPU.ActiveCfg = Debug|Any CPU
		{AF6D5402-A21F-4A9D-8A4A-1C5F06437102}.Debug|Any CPU.Build.0 = Debug|Any CPU
		{AF6D5402-A21F-4A9D-8A4A-1C5F06437102}.Release|Any CPU.ActiveCfg = Release|Any CPU
		{AF6D5402-A21F-4A9D-8A4A-1C5F06437102}.Release|Any CPU.Build.0 = Release|Any CPU
		{48807FD3-B475-48D4-AE06-6D27BB513042}.Debug|Any CPU.ActiveCfg = Debug|Any CPU
		{48807FD3-B475-48D4-AE06-6D27BB513042}.Debug|Any CPU.Build.0 = Debug|Any CPU
		{48807FD3-B475-48D4-AE06-6D27BB513042}.Release|Any CPU.ActiveCfg = Release|Any CPU
		{48807FD3-B475-48D4-AE06-6D27BB513042}.Release|Any CPU.Build.0 = Release|Any CPU
		{5671BF76-5B12-4CBC-8487-D15AE32982AF}.Debug|Any CPU.ActiveCfg = Debug|Any CPU
		{5671BF76-5B12-4CBC-8487-D15AE32982AF}.Debug|Any CPU.Build.0 = Debug|Any CPU
		{5671BF76-5B12-4CBC-8487-D15AE32982AF}.Release|Any CPU.ActiveCfg = Release|Any CPU
		{5671BF76-5B12-4CBC-8487-D15AE32982AF}.Release|Any CPU.Build.0 = Release|Any CPU
	EndGlobalSection
	GlobalSection(SolutionProperties) = preSolution
		HideSolutionNode = FALSE
	EndGlobalSection
	GlobalSection(ExtensibilityGlobals) = postSolution
		SolutionGuid = {5F2AE29E-6BC8-40C7-8598-9D52377A5E04}
	EndGlobalSection
EndGlobal
